schema: '2.0'
stages:
  data_ingestion:
    cmd: python src/data_ingestion.py
    deps:
    - path: src/data_ingestion.py
      hash: md5
      md5: 561f78f31b4a11da0123f2cddf342fa7
      size: 3623
    params:
      params.yaml:
        data_ingestion.test_size: 0.2
    outs:
    - path: data/raw
      hash: md5
      md5: 1a287d34dc172d9f950c03dae35f7e73.dir
      size: 484846
      nfiles: 2
  data_preprocessing:
    cmd: python src/data_preprocessing.py
    deps:
    - path: data/raw
      hash: md5
      md5: 1a287d34dc172d9f950c03dae35f7e73.dir
      size: 484846
      nfiles: 2
    - path: src/data_preprocessing.py
      hash: md5
      md5: ae0059b79590609927f72e3c373f1865
      size: 3973
    outs:
    - path: data/interim
      hash: md5
      md5: 40cb848ce71a81c4f582d99fa6f0a9e8.dir
      size: 260026
      nfiles: 2
  feature_engineering:
    cmd: python src/feature_engineering.py
    deps:
    - path: data/interim
      hash: md5
      md5: 40cb848ce71a81c4f582d99fa6f0a9e8.dir
      size: 260026
      nfiles: 2
    - path: src/feature_engineering.py
      hash: md5
      md5: 11586f827c0055ea3bf2e18390f30b62
      size: 3881
    params:
      params.yaml:
        feature_engineering.max_features: 40
    outs:
    - path: data/processed
      hash: md5
      md5: c04d833f116e554659330c85cd1d9651.dir
      size: 949942
      nfiles: 2
  model_building:
    cmd: python src/model_training.py
    deps:
    - path: data/processed
      hash: md5
      md5: c04d833f116e554659330c85cd1d9651.dir
      size: 949942
      nfiles: 2
    - path: src/model_training.py
      hash: md5
      md5: aee9ab4c312c46938ae80503e3054092
      size: 4423
    params:
      params.yaml:
        model_training.n_estimators: 15
        model_training.random_state: 42
    outs:
    - path: models/model.pkl
      hash: md5
      md5: 53c2d74d5af258a7520a3bc1df124f85
      size: 492130
  model_evaluation:
    cmd: python src/model_evaluation.py
    deps:
    - path: models/model.pkl
      hash: md5
      md5: 53c2d74d5af258a7520a3bc1df124f85
      size: 492130
    - path: src/model_evaluation.py
      hash: md5
      md5: 11a4ce9415498bcd483cb17384e55677
      size: 4653
    outs:
    - path: reports/metrics.json
      hash: md5
      md5: d01db53171400a4e40ab179c26bfcba4
      size: 144
